
Microsoft Visual Studio Solution File, Format Version 12.00
# Visual Studio Version 16
VisualStudioVersion = 16.0.29424.173
MinimumVisualStudioVersion = 10.0.40219.1
Project("{FAE04EC0-301F-11D3-BF4B-00C04F79EFBC}") = "else if arrays dan pengulangan foreach", "else if arrays dan pengulangan foreach.csproj", "{3A3F29E7-6B67-43B3-8163-C4DA36103D0C}"
EndProject
Global
	GlobalSection(SolutionConfigurationPlatforms) = preSolution
		Debug|Any CPU = Debug|Any CPU
		Release|Any CPU = Release|Any CPU
	EndGlobalSection
	GlobalSection(ProjectConfigurationPlatforms) = postSolution
		{3A3F29E7-6B67-43B3-8163-C4DA36103D0C}.Debug|Any CPU.ActiveCfg = Debug|Any CPU
		{3A3F29E7-6B67-43B3-8163-C4DA36103D0C}.Debug|Any CPU.Build.0 = Debug|Any CPU
		{3A3F29E7-6B67-43B3-8163-C4DA36103D0C}.Release|Any CPU.ActiveCfg = Release|Any CPU
		{3A3F29E7-6B67-43B3-8163-C4DA36103D0C}.Release|Any CPU.Build.0 = Release|Any CPU
	EndGlobalSection
	GlobalSection(SolutionProperties) = preSolution
		HideSolutionNode = FALSE
	EndGlobalSection
	GlobalSection(ExtensibilityGlobals) = postSolution
		SolutionGuid = {2FA81717-926E-4D2E-9659-6D9DA7BBB31B}
	EndGlobalSection
EndGlobal
